
Microsoft Visual Studio Solution File, Format Version 12.00
# Visual Studio Version 17
VisualStudioVersion = 17.0.31903.59
MinimumVisualStudioVersion = 10.0.40219.1
Project("{FAE04EC0-301F-11D3-BF4B-00C04F79EFBC}") = "Artichoke.FaaS.Core", "Artichoke.FaaS.Core\Artichoke.FaaS.Core.csproj", "{FD810A59-B681-4C96-89B8-461475A82E71}"
EndProject
Project("{FAE04EC0-301F-11D3-BF4B-00C04F79EFBC}") = "Artichoke.FaaS.Runtime", "Artichoke.FaaS.Runtime\Artichoke.FaaS.Runtime.csproj", "{BA4C1B64-53F5-4AAE-B858-D217377AC07C}"
EndProject
Project("{2150E333-8FDC-42A3-9474-1A3956D46DE8}") = "Solution Items", "Solution Items", "{8EC462FD-D22E-90A8-E5CE-7E832BA40C5D}"
	ProjectSection(SolutionItems) = preProject
		token.txt = token.txt
	EndProjectSection
EndProject
Project("{FAE04EC0-301F-11D3-BF4B-00C04F79EFBC}") = "Artichoke.Microservices.Supervisor", "Artichoke.Microservices.Supervisor\Artichoke.Microservices.Supervisor.csproj", "{D19E01C4-EA03-4EC2-97A4-BDB69CF8CB91}"
EndProject
Project("{2150E333-8FDC-42A3-9474-1A3956D46DE8}") = "Examples", "Examples", "{B36A84DF-456D-A817-6EDD-3EC3E7F6E11F}"
EndProject
Project("{2150E333-8FDC-42A3-9474-1A3956D46DE8}") = "MicroservicesDemo", "MicroservicesDemo", "{31DC6E77-6ECB-CFB2-63C2-B17A3D16D7D3}"
EndProject
Project("{FAE04EC0-301F-11D3-BF4B-00C04F79EFBC}") = "AuditService", "Examples\MicroservicesDemo\AuditService\AuditService.csproj", "{3FE05699-E802-416A-B978-7CF67A63CFA4}"
EndProject
Project("{FAE04EC0-301F-11D3-BF4B-00C04F79EFBC}") = "OrderService", "Examples\MicroservicesDemo\OrderService\OrderService.csproj", "{28290726-6B54-4486-8D94-130AE53630C8}"
EndProject
Project("{2150E333-8FDC-42A3-9474-1A3956D46DE8}") = "FlightSimDemo", "FlightSimDemo", "{D337A2E4-82C4-2AC7-21C4-D3FF170D837D}"
EndProject
Project("{FAE04EC0-301F-11D3-BF4B-00C04F79EFBC}") = "AircraftService", "Examples\FlightSimDemo\AircraftService\AircraftService.csproj", "{E1969265-FFD1-4F52-8539-0C6DE1FE1266}"
EndProject
Project("{FAE04EC0-301F-11D3-BF4B-00C04F79EFBC}") = "AtcService", "Examples\FlightSimDemo\AtcService\AtcService.csproj", "{7BE00714-2352-4922-9925-E5AE54BABF97}"
EndProject
Project("{FAE04EC0-301F-11D3-BF4B-00C04F79EFBC}") = "WeatherService", "Examples\FlightSimDemo\WeatherService\WeatherService.csproj", "{6DBDA804-3325-4BA8-85A6-965B913ADBF2}"
EndProject
Project("{FAE04EC0-301F-11D3-BF4B-00C04F79EFBC}") = "ScoringService", "Examples\FlightSimDemo\ScoringService\ScoringService.csproj", "{3EC6234E-6EBF-454A-A6E3-226E265F65DF}"
EndProject
Project("{FAE04EC0-301F-11D3-BF4B-00C04F79EFBC}") = "PersistenceService", "Examples\FlightSimDemo\PersistenceService\PersistenceService.csproj", "{D8E04D00-23FB-49F4-A34F-B95C34972265}"
EndProject
Project("{FAE04EC0-301F-11D3-BF4B-00C04F79EFBC}") = "GameClient", "Examples\FlightSimDemo\GameClient\GameClient.csproj", "{02146772-D94F-410F-A3FE-2749DA49A9A0}"
EndProject
Project("{2150E333-8FDC-42A3-9474-1A3956D46DE8}") = "test", "test", "{0C88DD14-F956-CE84-757C-A364CCF449FC}"
EndProject
Project("{FAE04EC0-301F-11D3-BF4B-00C04F79EFBC}") = "Artichoke.FaaS.SmokeTests", "test\Artichoke.FaaS.SmokeTests\Artichoke.FaaS.SmokeTests.csproj", "{58E9724A-CFD7-4768-AA29-76BF26706280}"
EndProject
Global
	GlobalSection(SolutionConfigurationPlatforms) = preSolution
		Debug|Any CPU = Debug|Any CPU
		Debug|x64 = Debug|x64
		Debug|x86 = Debug|x86
		Release|Any CPU = Release|Any CPU
		Release|x64 = Release|x64
		Release|x86 = Release|x86
	EndGlobalSection
	GlobalSection(ProjectConfigurationPlatforms) = postSolution
		{FD810A59-B681-4C96-89B8-461475A82E71}.Debug|Any CPU.ActiveCfg = Debug|Any CPU
		{FD810A59-B681-4C96-89B8-461475A82E71}.Debug|Any CPU.Build.0 = Debug|Any CPU
		{FD810A59-B681-4C96-89B8-461475A82E71}.Debug|x64.ActiveCfg = Debug|Any CPU
		{FD810A59-B681-4C96-89B8-461475A82E71}.Debug|x64.Build.0 = Debug|Any CPU
		{FD810A59-B681-4C96-89B8-461475A82E71}.Debug|x86.ActiveCfg = Debug|Any CPU
		{FD810A59-B681-4C96-89B8-461475A82E71}.Debug|x86.Build.0 = Debug|Any CPU
		{FD810A59-B681-4C96-89B8-461475A82E71}.Release|Any CPU.ActiveCfg = Release|Any CPU
		{FD810A59-B681-4C96-89B8-461475A82E71}.Release|Any CPU.Build.0 = Release|Any CPU
		{FD810A59-B681-4C96-89B8-461475A82E71}.Release|x64.ActiveCfg = Release|Any CPU
		{FD810A59-B681-4C96-89B8-461475A82E71}.Release|x64.Build.0 = Release|Any CPU
		{FD810A59-B681-4C96-89B8-461475A82E71}.Release|x86.ActiveCfg = Release|Any CPU
		{FD810A59-B681-4C96-89B8-461475A82E71}.Release|x86.Build.0 = Release|Any CPU
		{BA4C1B64-53F5-4AAE-B858-D217377AC07C}.Debug|Any CPU.ActiveCfg = Debug|Any CPU
		{BA4C1B64-53F5-4AAE-B858-D217377AC07C}.Debug|Any CPU.Build.0 = Debug|Any CPU
		{BA4C1B64-53F5-4AAE-B858-D217377AC07C}.Debug|x64.ActiveCfg = Debug|Any CPU
		{BA4C1B64-53F5-4AAE-B858-D217377AC07C}.Debug|x64.Build.0 = Debug|Any CPU
		{BA4C1B64-53F5-4AAE-B858-D217377AC07C}.Debug|x86.ActiveCfg = Debug|Any CPU
		{BA4C1B64-53F5-4AAE-B858-D217377AC07C}.Debug|x86.Build.0 = Debug|Any CPU
		{BA4C1B64-53F5-4AAE-B858-D217377AC07C}.Release|Any CPU.ActiveCfg = Release|Any CPU
		{BA4C1B64-53F5-4AAE-B858-D217377AC07C}.Release|Any CPU.Build.0 = Release|Any CPU
		{BA4C1B64-53F5-4AAE-B858-D217377AC07C}.Release|x64.ActiveCfg = Release|Any CPU
		{BA4C1B64-53F5-4AAE-B858-D217377AC07C}.Release|x64.Build.0 = Release|Any CPU
		{BA4C1B64-53F5-4AAE-B858-D217377AC07C}.Release|x86.ActiveCfg = Release|Any CPU
		{BA4C1B64-53F5-4AAE-B858-D217377AC07C}.Release|x86.Build.0 = Release|Any CPU
		{D19E01C4-EA03-4EC2-97A4-BDB69CF8CB91}.Debug|Any CPU.ActiveCfg = Debug|Any CPU
		{D19E01C4-EA03-4EC2-97A4-BDB69CF8CB91}.Debug|Any CPU.Build.0 = Debug|Any CPU
		{D19E01C4-EA03-4EC2-97A4-BDB69CF8CB91}.Debug|x64.ActiveCfg = Debug|Any CPU
		{D19E01C4-EA03-4EC2-97A4-BDB69CF8CB91}.Debug|x64.Build.0 = Debug|Any CPU
		{D19E01C4-EA03-4EC2-97A4-BDB69CF8CB91}.Debug|x86.ActiveCfg = Debug|Any CPU
		{D19E01C4-EA03-4EC2-97A4-BDB69CF8CB91}.Debug|x86.Build.0 = Debug|Any CPU
		{D19E01C4-EA03-4EC2-97A4-BDB69CF8CB91}.Release|Any CPU.ActiveCfg = Release|Any CPU
		{D19E01C4-EA03-4EC2-97A4-BDB69CF8CB91}.Release|Any CPU.Build.0 = Release|Any CPU
		{D19E01C4-EA03-4EC2-97A4-BDB69CF8CB91}.Release|x64.ActiveCfg = Release|Any CPU
		{D19E01C4-EA03-4EC2-97A4-BDB69CF8CB91}.Release|x64.Build.0 = Release|Any CPU
		{D19E01C4-EA03-4EC2-97A4-BDB69CF8CB91}.Release|x86.ActiveCfg = Release|Any CPU
		{D19E01C4-EA03-4EC2-97A4-BDB69CF8CB91}.Release|x86.Build.0 = Release|Any CPU
		{3FE05699-E802-416A-B978-7CF67A63CFA4}.Debug|Any CPU.ActiveCfg = Debug|Any CPU
		{3FE05699-E802-416A-B978-7CF67A63CFA4}.Debug|Any CPU.Build.0 = Debug|Any CPU
		{3FE05699-E802-416A-B978-7CF67A63CFA4}.Debug|x64.ActiveCfg = Debug|Any CPU
		{3FE05699-E802-416A-B978-7CF67A63CFA4}.Debug|x64.Build.0 = Debug|Any CPU
		{3FE05699-E802-416A-B978-7CF67A63CFA4}.Debug|x86.ActiveCfg = Debug|Any CPU
		{3FE05699-E802-416A-B978-7CF67A63CFA4}.Debug|x86.Build.0 = Debug|Any CPU
		{3FE05699-E802-416A-B978-7CF67A63CFA4}.Release|Any CPU.ActiveCfg = Release|Any CPU
		{3FE05699-E802-416A-B978-7CF67A63CFA4}.Release|Any CPU.Build.0 = Release|Any CPU
		{3FE05699-E802-416A-B978-7CF67A63CFA4}.Release|x64.ActiveCfg = Release|Any CPU
		{3FE05699-E802-416A-B978-7CF67A63CFA4}.Release|x64.Build.0 = Release|Any CPU
		{3FE05699-E802-416A-B978-7CF67A63CFA4}.Release|x86.ActiveCfg = Release|Any CPU
		{3FE05699-E802-416A-B978-7CF67A63CFA4}.Release|x86.Build.0 = Release|Any CPU
		{28290726-6B54-4486-8D94-130AE53630C8}.Debug|Any CPU.ActiveCfg = Debug|Any CPU
		{28290726-6B54-4486-8D94-130AE53630C8}.Debug|Any CPU.Build.0 = Debug|Any CPU
		{28290726-6B54-4486-8D94-130AE53630C8}.Debug|x64.ActiveCfg = Debug|Any CPU
		{28290726-6B54-4486-8D94-130AE53630C8}.Debug|x64.Build.0 = Debug|Any CPU
		{28290726-6B54-4486-8D94-130AE53630C8}.Debug|x86.ActiveCfg = Debug|Any CPU
		{28290726-6B54-4486-8D94-130AE53630C8}.Debug|x86.Build.0 = Debug|Any CPU
		{28290726-6B54-4486-8D94-130AE53630C8}.Release|Any CPU.ActiveCfg = Release|Any CPU
		{28290726-6B54-4486-8D94-130AE53630C8}.Release|Any CPU.Build.0 = Release|Any CPU
		{28290726-6B54-4486-8D94-130AE53630C8}.Release|x64.ActiveCfg = Release|Any CPU
		{28290726-6B54-4486-8D94-130AE53630C8}.Release|x64.Build.0 = Release|Any CPU
		{28290726-6B54-4486-8D94-130AE53630C8}.Release|x86.ActiveCfg = Release|Any CPU
		{28290726-6B54-4486-8D94-130AE53630C8}.Release|x86.Build.0 = Release|Any CPU
		{E1969265-FFD1-4F52-8539-0C6DE1FE1266}.Debug|Any CPU.ActiveCfg = Debug|Any CPU
		{E1969265-FFD1-4F52-8539-0C6DE1FE1266}.Debug|Any CPU.Build.0 = Debug|Any CPU
		{E1969265-FFD1-4F52-8539-0C6DE1FE1266}.Debug|x64.ActiveCfg = Debug|Any CPU
		{E1969265-FFD1-4F52-8539-0C6DE1FE1266}.Debug|x64.Build.0 = Debug|Any CPU
		{E1969265-FFD1-4F52-8539-0C6DE1FE1266}.Debug|x86.ActiveCfg = Debug|Any CPU
		{E1969265-FFD1-4F52-8539-0C6DE1FE1266}.Debug|x86.Build.0 = Debug|Any CPU
		{E1969265-FFD1-4F52-8539-0C6DE1FE1266}.Release|Any CPU.ActiveCfg = Release|Any CPU
		{E1969265-FFD1-4F52-8539-0C6DE1FE1266}.Release|Any CPU.Build.0 = Release|Any CPU
		{E1969265-FFD1-4F52-8539-0C6DE1FE1266}.Release|x64.ActiveCfg = Release|Any CPU
		{E1969265-FFD1-4F52-8539-0C6DE1FE1266}.Release|x64.Build.0 = Release|Any CPU
		{E1969265-FFD1-4F52-8539-0C6DE1FE1266}.Release|x86.ActiveCfg = Release|Any CPU
		{E1969265-FFD1-4F52-8539-0C6DE1FE1266}.Release|x86.Build.0 = Release|Any CPU
		{7BE00714-2352-4922-9925-E5AE54BABF97}.Debug|Any CPU.ActiveCfg = Debug|Any CPU
		{7BE00714-2352-4922-9925-E5AE54BABF97}.Debug|Any CPU.Build.0 = Debug|Any CPU
		{7BE00714-2352-4922-9925-E5AE54BABF97}.Debug|x64.ActiveCfg = Debug|Any CPU
		{7BE00714-2352-4922-9925-E5AE54BABF97}.Debug|x64.Build.0 = Debug|Any CPU
		{7BE00714-2352-4922-9925-E5AE54BABF97}.Debug|x86.ActiveCfg = Debug|Any CPU
		{7BE00714-2352-4922-9925-E5AE54BABF97}.Debug|x86.Build.0 = Debug|Any CPU
		{7BE00714-2352-4922-9925-E5AE54BABF97}.Release|Any CPU.ActiveCfg = Release|Any CPU
		{7BE00714-2352-4922-9925-E5AE54BABF97}.Release|Any CPU.Build.0 = Release|Any CPU
		{7BE00714-2352-4922-9925-E5AE54BABF97}.Release|x64.ActiveCfg = Release|Any CPU
		{7BE00714-2352-4922-9925-E5AE54BABF97}.Release|x64.Build.0 = Release|Any CPU
		{7BE00714-2352-4922-9925-E5AE54BABF97}.Release|x86.ActiveCfg = Release|Any CPU
		{7BE00714-2352-4922-9925-E5AE54BABF97}.Release|x86.Build.0 = Release|Any CPU
		{6DBDA804-3325-4BA8-85A6-965B913ADBF2}.Debug|Any CPU.ActiveCfg = Debug|Any CPU
		{6DBDA804-3325-4BA8-85A6-965B913ADBF2}.Debug|Any CPU.Build.0 = Debug|Any CPU
		{6DBDA804-3325-4BA8-85A6-965B913ADBF2}.Debug|x64.ActiveCfg = Debug|Any CPU
		{6DBDA804-3325-4BA8-85A6-965B913ADBF2}.Debug|x64.Build.0 = Debug|Any CPU
		{6DBDA804-3325-4BA8-85A6-965B913ADBF2}.Debug|x86.ActiveCfg = Debug|Any CPU
		{6DBDA804-3325-4BA8-85A6-965B913ADBF2}.Debug|x86.Build.0 = Debug|Any CPU
		{6DBDA804-3325-4BA8-85A6-965B913ADBF2}.Release|Any CPU.ActiveCfg = Release|Any CPU
		{6DBDA804-3325-4BA8-85A6-965B913ADBF2}.Release|Any CPU.Build.0 = Release|Any CPU
		{6DBDA804-3325-4BA8-85A6-965B913ADBF2}.Release|x64.ActiveCfg = Release|Any CPU
		{6DBDA804-3325-4BA8-85A6-965B913ADBF2}.Release|x64.Build.0 = Release|Any CPU
		{6DBDA804-3325-4BA8-85A6-965B913ADBF2}.Release|x86.ActiveCfg = Release|Any CPU
		{6DBDA804-3325-4BA8-85A6-965B913ADBF2}.Release|x86.Build.0 = Release|Any CPU
		{3EC6234E-6EBF-454A-A6E3-226E265F65DF}.Debug|Any CPU.ActiveCfg = Debug|Any CPU
		{3EC6234E-6EBF-454A-A6E3-226E265F65DF}.Debug|Any CPU.Build.0 = Debug|Any CPU
		{3EC6234E-6EBF-454A-A6E3-226E265F65DF}.Debug|x64.ActiveCfg = Debug|Any CPU
		{3EC6234E-6EBF-454A-A6E3-226E265F65DF}.Debug|x64.Build.0 = Debug|Any CPU
		{3EC6234E-6EBF-454A-A6E3-226E265F65DF}.Debug|x86.ActiveCfg = Debug|Any CPU
		{3EC6234E-6EBF-454A-A6E3-226E265F65DF}.Debug|x86.Build.0 = Debug|Any CPU
		{3EC6234E-6EBF-454A-A6E3-226E265F65DF}.Release|Any CPU.ActiveCfg = Release|Any CPU
		{3EC6234E-6EBF-454A-A6E3-226E265F65DF}.Release|Any CPU.Build.0 = Release|Any CPU
		{3EC6234E-6EBF-454A-A6E3-226E265F65DF}.Release|x64.ActiveCfg = Release|Any CPU
		{3EC6234E-6EBF-454A-A6E3-226E265F65DF}.Release|x64.Build.0 = Release|Any CPU
		{3EC6234E-6EBF-454A-A6E3-226E265F65DF}.Release|x86.ActiveCfg = Release|Any CPU
		{3EC6234E-6EBF-454A-A6E3-226E265F65DF}.Release|x86.Build.0 = Release|Any CPU
		{D8E04D00-23FB-49F4-A34F-B95C34972265}.Debug|Any CPU.ActiveCfg = Debug|Any CPU
		{D8E04D00-23FB-49F4-A34F-B95C34972265}.Debug|Any CPU.Build.0 = Debug|Any CPU
		{D8E04D00-23FB-49F4-A34F-B95C34972265}.Debug|x64.ActiveCfg = Debug|Any CPU
		{D8E04D00-23FB-49F4-A34F-B95C34972265}.Debug|x64.Build.0 = Debug|Any CPU
		{D8E04D00-23FB-49F4-A34F-B95C34972265}.Debug|x86.ActiveCfg = Debug|Any CPU
		{D8E04D00-23FB-49F4-A34F-B95C34972265}.Debug|x86.Build.0 = Debug|Any CPU
		{D8E04D00-23FB-49F4-A34F-B95C34972265}.Release|Any CPU.ActiveCfg = Release|Any CPU
		{D8E04D00-23FB-49F4-A34F-B95C34972265}.Release|Any CPU.Build.0 = Release|Any CPU
		{D8E04D00-23FB-49F4-A34F-B95C34972265}.Release|x64.ActiveCfg = Release|Any CPU
		{D8E04D00-23FB-49F4-A34F-B95C34972265}.Release|x64.Build.0 = Release|Any CPU
		{D8E04D00-23FB-49F4-A34F-B95C34972265}.Release|x86.ActiveCfg = Release|Any CPU
		{D8E04D00-23FB-49F4-A34F-B95C34972265}.Release|x86.Build.0 = Release|Any CPU
		{02146772-D94F-410F-A3FE-2749DA49A9A0}.Debug|Any CPU.ActiveCfg = Debug|Any CPU
		{02146772-D94F-410F-A3FE-2749DA49A9A0}.Debug|Any CPU.Build.0 = Debug|Any CPU
		{02146772-D94F-410F-A3FE-2749DA49A9A0}.Debug|x64.ActiveCfg = Debug|Any CPU
		{02146772-D94F-410F-A3FE-2749DA49A9A0}.Debug|x64.Build.0 = Debug|Any CPU
		{02146772-D94F-410F-A3FE-2749DA49A9A0}.Debug|x86.ActiveCfg = Debug|Any CPU
		{02146772-D94F-410F-A3FE-2749DA49A9A0}.Debug|x86.Build.0 = Debug|Any CPU
		{02146772-D94F-410F-A3FE-2749DA49A9A0}.Release|Any CPU.ActiveCfg = Release|Any CPU
		{02146772-D94F-410F-A3FE-2749DA49A9A0}.Release|Any CPU.Build.0 = Release|Any CPU
		{02146772-D94F-410F-A3FE-2749DA49A9A0}.Release|x64.ActiveCfg = Release|Any CPU
		{02146772-D94F-410F-A3FE-2749DA49A9A0}.Release|x64.Build.0 = Release|Any CPU
		{02146772-D94F-410F-A3FE-2749DA49A9A0}.Release|x86.ActiveCfg = Release|Any CPU
		{02146772-D94F-410F-A3FE-2749DA49A9A0}.Release|x86.Build.0 = Release|Any CPU
		{58E9724A-CFD7-4768-AA29-76BF26706280}.Debug|Any CPU.ActiveCfg = Debug|Any CPU
		{58E9724A-CFD7-4768-AA29-76BF26706280}.Debug|Any CPU.Build.0 = Debug|Any CPU
		{58E9724A-CFD7-4768-AA29-76BF26706280}.Debug|x64.ActiveCfg = Debug|Any CPU
		{58E9724A-CFD7-4768-AA29-76BF26706280}.Debug|x64.Build.0 = Debug|Any CPU
		{58E9724A-CFD7-4768-AA29-76BF26706280}.Debug|x86.ActiveCfg = Debug|Any CPU
		{58E9724A-CFD7-4768-AA29-76BF26706280}.Debug|x86.Build.0 = Debug|Any CPU
		{58E9724A-CFD7-4768-AA29-76BF26706280}.Release|Any CPU.ActiveCfg = Release|Any CPU
		{58E9724A-CFD7-4768-AA29-76BF26706280}.Release|Any CPU.Build.0 = Release|Any CPU
		{58E9724A-CFD7-4768-AA29-76BF26706280}.Release|x64.ActiveCfg = Release|Any CPU
		{58E9724A-CFD7-4768-AA29-76BF26706280}.Release|x64.Build.0 = Release|Any CPU
		{58E9724A-CFD7-4768-AA29-76BF26706280}.Release|x86.ActiveCfg = Release|Any CPU
		{58E9724A-CFD7-4768-AA29-76BF26706280}.Release|x86.Build.0 = Release|Any CPU
	EndGlobalSection
	GlobalSection(SolutionProperties) = preSolution
		HideSolutionNode = FALSE
	EndGlobalSection
	GlobalSection(NestedProjects) = preSolution
		{31DC6E77-6ECB-CFB2-63C2-B17A3D16D7D3} = {B36A84DF-456D-A817-6EDD-3EC3E7F6E11F}
		{3FE05699-E802-416A-B978-7CF67A63CFA4} = {31DC6E77-6ECB-CFB2-63C2-B17A3D16D7D3}
		{28290726-6B54-4486-8D94-130AE53630C8} = {31DC6E77-6ECB-CFB2-63C2-B17A3D16D7D3}
		{D337A2E4-82C4-2AC7-21C4-D3FF170D837D} = {B36A84DF-456D-A817-6EDD-3EC3E7F6E11F}
		{E1969265-FFD1-4F52-8539-0C6DE1FE1266} = {D337A2E4-82C4-2AC7-21C4-D3FF170D837D}
		{7BE00714-2352-4922-9925-E5AE54BABF97} = {D337A2E4-82C4-2AC7-21C4-D3FF170D837D}
		{6DBDA804-3325-4BA8-85A6-965B913ADBF2} = {D337A2E4-82C4-2AC7-21C4-D3FF170D837D}
		{3EC6234E-6EBF-454A-A6E3-226E265F65DF} = {D337A2E4-82C4-2AC7-21C4-D3FF170D837D}
		{D8E04D00-23FB-49F4-A34F-B95C34972265} = {D337A2E4-82C4-2AC7-21C4-D3FF170D837D}
		{02146772-D94F-410F-A3FE-2749DA49A9A0} = {D337A2E4-82C4-2AC7-21C4-D3FF170D837D}
		{58E9724A-CFD7-4768-AA29-76BF26706280} = {0C88DD14-F956-CE84-757C-A364CCF449FC}
	EndGlobalSection
	GlobalSection(ExtensibilityGlobals) = postSolution
		SolutionGuid = {F2759DC4-3D0C-4DB5-9598-4A3AA3C448B2}
	EndGlobalSection
EndGlobal
